// !$*UTF8*$!
{
	archiveVersion = 1;
	classes = {
	};
	objectVersion = 46;
	objects = {

/* Begin PBXBuildFile section */
		CD04C2BA1646608D002DD253 /* movdata.c in Sources */ = {isa = PBXBuildFile; fileRef = CD04C2B81646608D002DD253 /* movdata.c */; };
		CD1E74F615F3432B001D5C64 /* AVFrame.m in Sources */ = {isa = PBXBuildFile; fileRef = CD1E74F515F3432B001D5C64 /* AVFrame.m */; };
		CD7E243815F341A000027DA6 /* AVFrameDecoder.m in Sources */ = {isa = PBXBuildFile; fileRef = CD7E243415F341A000027DA6 /* AVFrameDecoder.m */; };
		CD7E243915F341A000027DA6 /* AVMvidFrameDecoder.m in Sources */ = {isa = PBXBuildFile; fileRef = CD7E243615F341A000027DA6 /* AVMvidFrameDecoder.m */; };
		CD7E243A15F341A000027DA6 /* maxvid_decode.c in Sources */ = {isa = PBXBuildFile; fileRef = CD7E243715F341A000027DA6 /* maxvid_decode.c */; };
		CD9070D816462E8F00EEF4DF /* qtencode.m in Sources */ = {isa = PBXBuildFile; fileRef = CD9070D716462E8F00EEF4DF /* qtencode.m */; };
		CD96F739160604AD00316089 /* QTKit.framework in Frameworks */ = {isa = PBXBuildFile; fileRef = CD96F738160604AD00316089 /* QTKit.framework */; };
		CDAEB66515EDB6FB005A148B /* CGFrameBuffer.m in Sources */ = {isa = PBXBuildFile; fileRef = CDAEB65315EDB6FB005A148B /* CGFrameBuffer.m */; };
		CDAEB66815EDB6FB005A148B /* main.m in Sources */ = {isa = PBXBuildFile; fileRef = CDAEB65915EDB6FB005A148B /* main.m */; };
		CDCC050D15F2036E00C08C52 /* AVMvidFileWriter.m in Sources */ = {isa = PBXBuildFile; fileRef = CDCC050815F2036E00C08C52 /* AVMvidFileWriter.m */; };
		CDCC050E15F2036E00C08C52 /* maxvid_encode.m in Sources */ = {isa = PBXBuildFile; fileRef = CDCC050915F2036E00C08C52 /* maxvid_encode.m */; };
		CDCC050F15F2036E00C08C52 /* maxvid_file.c in Sources */ = {isa = PBXBuildFile; fileRef = CDCC050B15F2036E00C08C52 /* maxvid_file.c */; };
		CDD23BA715EFD3F80021D00C /* libz.dylib in Frameworks */ = {isa = PBXBuildFile; fileRef = CDD23BA615EFD3F80021D00C /* libz.dylib */; };
		CDE6D04B15EE6E570084FFAA /* Cocoa.framework in Frameworks */ = {isa = PBXBuildFile; fileRef = CDE6D04A15EE6E570084FFAA /* Cocoa.framework */; };
		CDE728261606305400B34FB6 /* QuickTime.framework in Frameworks */ = {isa = PBXBuildFile; fileRef = CDE728251606305400B34FB6 /* QuickTime.framework */; };
		CDFD9BCE1632733600906116 /* CoreVideo.framework in Frameworks */ = {isa = PBXBuildFile; fileRef = CDFD9BCD1632733600906116 /* CoreVideo.framework */; };
/* End PBXBuildFile section */

/* Begin PBXCopyFilesBuildPhase section */
		CDD41E7A15EDB1A6008B77A1 /* CopyFiles */ = {
			isa = PBXCopyFilesBuildPhase;
			buildActionMask = 2147483647;
			dstPath = /usr/share/man/man1/;
			dstSubfolderSpec = 0;
			files = (
			);
			runOnlyForDeploymentPostprocessing = 1;
		};
/* End PBXCopyFilesBuildPhase section */

/* Begin PBXFileReference section */
		CD04C2B81646608D002DD253 /* movdata.c */ = {isa = PBXFileReference; fileEncoding = 4; lastKnownFileType = sourcecode.c.c; path = movdata.c; sourceTree = SOURCE_ROOT; };
		CD04C2B91646608D002DD253 /* movdata.h */ = {isa = PBXFileReference; fileEncoding = 4; lastKnownFileType = sourcecode.c.h; path = movdata.h; sourceTree = SOURCE_ROOT; };
		CD1E74F415F3432B001D5C64 /* AVFrame.h */ = {isa = PBXFileReference; fileEncoding = 4; lastKnownFileType = sourcecode.c.h; path = AVFrame.h; sourceTree = SOURCE_ROOT; };
		CD1E74F515F3432B001D5C64 /* AVFrame.m */ = {isa = PBXFileReference; fileEncoding = 4; lastKnownFileType = sourcecode.c.objc; path = AVFrame.m; sourceTree = SOURCE_ROOT; };
		CD7E243315F341A000027DA6 /* AVFrameDecoder.h */ = {isa = PBXFileReference; fileEncoding = 4; lastKnownFileType = sourcecode.c.h; path = AVFrameDecoder.h; sourceTree = SOURCE_ROOT; };
		CD7E243415F341A000027DA6 /* AVFrameDecoder.m */ = {isa = PBXFileReference; fileEncoding = 4; lastKnownFileType = sourcecode.c.objc; path = AVFrameDecoder.m; sourceTree = SOURCE_ROOT; };
		CD7E243515F341A000027DA6 /* AVMvidFrameDecoder.h */ = {isa = PBXFileReference; fileEncoding = 4; lastKnownFileType = sourcecode.c.h; path = AVMvidFrameDecoder.h; sourceTree = SOURCE_ROOT; };
		CD7E243615F341A000027DA6 /* AVMvidFrameDecoder.m */ = {isa = PBXFileReference; fileEncoding = 4; lastKnownFileType = sourcecode.c.objc; path = AVMvidFrameDecoder.m; sourceTree = SOURCE_ROOT; };
		CD7E243715F341A000027DA6 /* maxvid_decode.c */ = {isa = PBXFileReference; fileEncoding = 4; lastKnownFileType = sourcecode.c.c; path = maxvid_decode.c; sourceTree = SOURCE_ROOT; };
		CD9070D616462E8F00EEF4DF /* qtencode.h */ = {isa = PBXFileReference; fileEncoding = 4; lastKnownFileType = sourcecode.c.h; path = qtencode.h; sourceTree = SOURCE_ROOT; };
		CD9070D716462E8F00EEF4DF /* qtencode.m */ = {isa = PBXFileReference; fileEncoding = 4; lastKnownFileType = sourcecode.c.objc; path = qtencode.m; sourceTree = SOURCE_ROOT; };
		CD96F738160604AD00316089 /* QTKit.framework */ = {isa = PBXFileReference; lastKnownFileType = wrapper.framework; name = QTKit.framework; path = System/Library/Frameworks/QTKit.framework; sourceTree = SDKROOT; };
		CDAEB65215EDB6FB005A148B /* CGFrameBuffer.h */ = {isa = PBXFileReference; fileEncoding = 4; lastKnownFileType = sourcecode.c.h; path = CGFrameBuffer.h; sourceTree = SOURCE_ROOT; };
		CDAEB65315EDB6FB005A148B /* CGFrameBuffer.m */ = {isa = PBXFileReference; fileEncoding = 4; lastKnownFileType = sourcecode.c.objc; path = CGFrameBuffer.m; sourceTree = SOURCE_ROOT; };
		CDAEB65915EDB6FB005A148B /* main.m */ = {isa = PBXFileReference; fileEncoding = 4; lastKnownFileType = sourcecode.c.objc; path = main.m; sourceTree = SOURCE_ROOT; };
		CDCC050715F2036E00C08C52 /* AVMvidFileWriter.h */ = {isa = PBXFileReference; fileEncoding = 4; lastKnownFileType = sourcecode.c.h; path = AVMvidFileWriter.h; sourceTree = SOURCE_ROOT; };
		CDCC050815F2036E00C08C52 /* AVMvidFileWriter.m */ = {isa = PBXFileReference; fileEncoding = 4; lastKnownFileType = sourcecode.c.objc; path = AVMvidFileWriter.m; sourceTree = SOURCE_ROOT; };
		CDCC050915F2036E00C08C52 /* maxvid_encode.m */ = {isa = PBXFileReference; fileEncoding = 4; lastKnownFileType = sourcecode.c.objc; path = maxvid_encode.m; sourceTree = SOURCE_ROOT; };
		CDCC050A15F2036E00C08C52 /* maxvid_encode.h */ = {isa = PBXFileReference; fileEncoding = 4; lastKnownFileType = sourcecode.c.h; path = maxvid_encode.h; sourceTree = SOURCE_ROOT; };
		CDCC050B15F2036E00C08C52 /* maxvid_file.c */ = {isa = PBXFileReference; fileEncoding = 4; lastKnownFileType = sourcecode.c.c; path = maxvid_file.c; sourceTree = SOURCE_ROOT; };
		CDCC050C15F2036E00C08C52 /* maxvid_file.h */ = {isa = PBXFileReference; fileEncoding = 4; lastKnownFileType = sourcecode.c.h; path = maxvid_file.h; sourceTree = SOURCE_ROOT; };
		CDCC051115F2039A00C08C52 /* maxvid_decode.h */ = {isa = PBXFileReference; fileEncoding = 4; lastKnownFileType = sourcecode.c.h; path = maxvid_decode.h; sourceTree = SOURCE_ROOT; };
		CDD23BA615EFD3F80021D00C /* libz.dylib */ = {isa = PBXFileReference; lastKnownFileType = "compiled.mach-o.dylib"; name = libz.dylib; path = usr/lib/libz.dylib; sourceTree = SDKROOT; };
		CDD41E7C15EDB1A6008B77A1 /* mvidmoviemaker */ = {isa = PBXFileReference; explicitFileType = "compiled.mach-o.executable"; includeInIndex = 0; path = mvidmoviemaker; sourceTree = BUILT_PRODUCTS_DIR; };
		CDE6D04A15EE6E570084FFAA /* Cocoa.framework */ = {isa = PBXFileReference; lastKnownFileType = wrapper.framework; name = Cocoa.framework; path = System/Library/Frameworks/Cocoa.framework; sourceTree = SDKROOT; };
		CDE728251606305400B34FB6 /* QuickTime.framework */ = {isa = PBXFileReference; lastKnownFileType = wrapper.framework; name = QuickTime.framework; path = System/Library/Frameworks/QuickTime.framework; sourceTree = SDKROOT; };
		CDFD9BCD1632733600906116 /* CoreVideo.framework */ = {isa = PBXFileReference; lastKnownFileType = wrapper.framework; name = CoreVideo.framework; path = System/Library/Frameworks/CoreVideo.framework; sourceTree = SDKROOT; };
/* End PBXFileReference section */

/* Begin PBXFrameworksBuildPhase section */
		CDD41E7915EDB1A6008B77A1 /* Frameworks */ = {
			isa = PBXFrameworksBuildPhase;
			buildActionMask = 2147483647;
			files = (
				CDFD9BCE1632733600906116 /* CoreVideo.framework in Frameworks */,
				CDE728261606305400B34FB6 /* QuickTime.framework in Frameworks */,
				CD96F739160604AD00316089 /* QTKit.framework in Frameworks */,
				CDD23BA715EFD3F80021D00C /* libz.dylib in Frameworks */,
				CDE6D04B15EE6E570084FFAA /* Cocoa.framework in Frameworks */,
			);
			runOnlyForDeploymentPostprocessing = 0;
		};
/* End PBXFrameworksBuildPhase section */

/* Begin PBXGroup section */
		CDD23BA815EFD4060021D00C /* Frameworks */ = {
			isa = PBXGroup;
			children = (
				CDFD9BCD1632733600906116 /* CoreVideo.framework */,
				CDE728251606305400B34FB6 /* QuickTime.framework */,
				CD96F738160604AD00316089 /* QTKit.framework */,
				CDE6D04A15EE6E570084FFAA /* Cocoa.framework */,
				CDD23BA615EFD3F80021D00C /* libz.dylib */,
			);
			name = Frameworks;
			sourceTree = "<group>";
		};
		CDD41E7115EDB1A6008B77A1 = {
			isa = PBXGroup;
			children = (
				CDD41E7F15EDB1A6008B77A1 /* MvidMovieMaker */,
				CDD23BA815EFD4060021D00C /* Frameworks */,
				CDD41E7D15EDB1A6008B77A1 /* Products */,
			);
			sourceTree = "<group>";
		};
		CDD41E7D15EDB1A6008B77A1 /* Products */ = {
			isa = PBXGroup;
			children = (
				CDD41E7C15EDB1A6008B77A1 /* mvidmoviemaker */,
			);
			name = Products;
			sourceTree = "<group>";
		};
		CDD41E7F15EDB1A6008B77A1 /* MvidMovieMaker */ = {
			isa = PBXGroup;
			children = (
				CDAEB65915EDB6FB005A148B /* main.m */,
				CD9070D616462E8F00EEF4DF /* qtencode.h */,
				CD9070D716462E8F00EEF4DF /* qtencode.m */,
				CD04C2B91646608D002DD253 /* movdata.h */,
				CD04C2B81646608D002DD253 /* movdata.c */,
				CDAEB65215EDB6FB005A148B /* CGFrameBuffer.h */,
				CDAEB65315EDB6FB005A148B /* CGFrameBuffer.m */,
				CDCC050715F2036E00C08C52 /* AVMvidFileWriter.h */,
				CDCC050815F2036E00C08C52 /* AVMvidFileWriter.m */,
				CDCC050A15F2036E00C08C52 /* maxvid_encode.h */,
				CDCC050915F2036E00C08C52 /* maxvid_encode.m */,
				CDCC050B15F2036E00C08C52 /* maxvid_file.c */,
				CDCC050C15F2036E00C08C52 /* maxvid_file.h */,
				CDCC051115F2039A00C08C52 /* maxvid_decode.h */,
				CD7E243715F341A000027DA6 /* maxvid_decode.c */,
				CD1E74F415F3432B001D5C64 /* AVFrame.h */,
				CD1E74F515F3432B001D5C64 /* AVFrame.m */,
				CD7E243315F341A000027DA6 /* AVFrameDecoder.h */,
				CD7E243415F341A000027DA6 /* AVFrameDecoder.m */,
				CD7E243515F341A000027DA6 /* AVMvidFrameDecoder.h */,
				CD7E243615F341A000027DA6 /* AVMvidFrameDecoder.m */,
			);
			path = MvidMovieMaker;
			sourceTree = "<group>";
		};
/* End PBXGroup section */

/* Begin PBXNativeTarget section */
		CDD41E7B15EDB1A6008B77A1 /* MvidMovieMaker */ = {
			isa = PBXNativeTarget;
			buildConfigurationList = CDD41E8615EDB1A6008B77A1 /* Build configuration list for PBXNativeTarget "MvidMovieMaker" */;
			buildPhases = (
				CDD41E7815EDB1A6008B77A1 /* Sources */,
				CDD41E7915EDB1A6008B77A1 /* Frameworks */,
				CDD41E7A15EDB1A6008B77A1 /* CopyFiles */,
			);
			buildRules = (
			);
			dependencies = (
			);
			name = MvidMovieMaker;
			productName = MvidMovieMaker;
			productReference = CDD41E7C15EDB1A6008B77A1 /* mvidmoviemaker */;
			productType = "com.apple.product-type.tool";
		};
/* End PBXNativeTarget section */

/* Begin PBXProject section */
		CDD41E7315EDB1A6008B77A1 /* Project object */ = {
			isa = PBXProject;
			attributes = {
				LastUpgradeCheck = 0430;
			};
			buildConfigurationList = CDD41E7615EDB1A6008B77A1 /* Build configuration list for PBXProject "MvidMovieMaker" */;
			compatibilityVersion = "Xcode 3.2";
			developmentRegion = English;
			hasScannedForEncodings = 0;
			knownRegions = (
				en,
			);
			mainGroup = CDD41E7115EDB1A6008B77A1;
			productRefGroup = CDD41E7D15EDB1A6008B77A1 /* Products */;
			projectDirPath = "";
			projectRoot = "";
			targets = (
				CDD41E7B15EDB1A6008B77A1 /* MvidMovieMaker */,
			);
		};
/* End PBXProject section */

/* Begin PBXSourcesBuildPhase section */
		CDD41E7815EDB1A6008B77A1 /* Sources */ = {
			isa = PBXSourcesBuildPhase;
			buildActionMask = 2147483647;
			files = (
				CDAEB66515EDB6FB005A148B /* CGFrameBuffer.m in Sources */,
				CDAEB66815EDB6FB005A148B /* main.m in Sources */,
				CDCC050D15F2036E00C08C52 /* AVMvidFileWriter.m in Sources */,
				CDCC050E15F2036E00C08C52 /* maxvid_encode.m in Sources */,
				CDCC050F15F2036E00C08C52 /* maxvid_file.c in Sources */,
				CD7E243815F341A000027DA6 /* AVFrameDecoder.m in Sources */,
				CD7E243915F341A000027DA6 /* AVMvidFrameDecoder.m in Sources */,
				CD7E243A15F341A000027DA6 /* maxvid_decode.c in Sources */,
				CD1E74F615F3432B001D5C64 /* AVFrame.m in Sources */,
				CD9070D816462E8F00EEF4DF /* qtencode.m in Sources */,
				CD04C2BA1646608D002DD253 /* movdata.c in Sources */,
			);
			runOnlyForDeploymentPostprocessing = 0;
		};
/* End PBXSourcesBuildPhase section */

/* Begin XCBuildConfiguration section */
		CDD41E8415EDB1A6008B77A1 /* Debug */ = {
			isa = XCBuildConfiguration;
			buildSettings = {
				ALWAYS_SEARCH_USER_PATHS = NO;
				ARCHS = "$(ARCHS_STANDARD_32_BIT)";
				COPY_PHASE_STRIP = NO;
				GCC_C_LANGUAGE_STANDARD = gnu99;
				GCC_DYNAMIC_NO_PIC = NO;
				GCC_ENABLE_OBJC_EXCEPTIONS = YES;
				GCC_OPTIMIZATION_LEVEL = 0;
				GCC_PREPROCESSOR_DEFINITIONS = (
					"DEBUG=1",
					"$(inherited)",
				);
				GCC_SYMBOLS_PRIVATE_EXTERN = NO;
				GCC_VERSION = com.apple.compilers.llvm.clang.1_0;
				GCC_WARN_64_TO_32_BIT_CONVERSION = YES;
				GCC_WARN_ABOUT_RETURN_TYPE = YES;
				GCC_WARN_UNINITIALIZED_AUTOS = YES;
				GCC_WARN_UNUSED_VARIABLE = YES;
				MACOSX_DEPLOYMENT_TARGET = 10.7;
				ONLY_ACTIVE_ARCH = YES;
				SDKROOT = macosx;
			};
			name = Debug;
		};
		CDD41E8515EDB1A6008B77A1 /* Release */ = {
			isa = XCBuildConfiguration;
			buildSettings = {
				ALWAYS_SEARCH_USER_PATHS = NO;
				ARCHS = "$(ARCHS_STANDARD_32_BIT)";
				COPY_PHASE_STRIP = YES;
				DEBUG_INFORMATION_FORMAT = "dwarf-with-dsym";
				GCC_C_LANGUAGE_STANDARD = gnu99;
				GCC_ENABLE_OBJC_EXCEPTIONS = YES;
				GCC_VERSION = com.apple.compilers.llvm.clang.1_0;
				GCC_WARN_64_TO_32_BIT_CONVERSION = YES;
				GCC_WARN_ABOUT_RETURN_TYPE = YES;
				GCC_WARN_UNINITIALIZED_AUTOS = YES;
				GCC_WARN_UNUSED_VARIABLE = YES;
				MACOSX_DEPLOYMENT_TARGET = 10.7;
				SDKROOT = macosx;
			};
			name = Release;
		};
		CDD41E8715EDB1A6008B77A1 /* Debug */ = {
			isa = XCBuildConfiguration;
			buildSettings = {
				PRODUCT_NAME = mvidmoviemaker;
				VERSION_INFO_BUILDER = mvidmoviemaker;
			};
			name = Debug;
		};
		CDD41E8815EDB1A6008B77A1 /* Release */ = {
			isa = XCBuildConfiguration;
			buildSettings = {
				PRODUCT_NAME = mvidmoviemaker;
				VERSION_INFO_BUILDER = mvidmoviemaker;
			};
			name = Release;
		};
/* End XCBuildConfiguration section */

/* Begin XCConfigurationList section */
		CDD41E7615EDB1A6008B77A1 /* Build configuration list for PBXProject "MvidMovieMaker" */ = {
			isa = XCConfigurationList;
			buildConfigurations = (
				CDD41E8415EDB1A6008B77A1 /* Debug */,
				CDD41E8515EDB1A6008B77A1 /* Release */,
			);
			defaultConfigurationIsVisible = 0;
			defaultConfigurationName = Release;
		};
		CDD41E8615EDB1A6008B77A1 /* Build configuration list for PBXNativeTarget "MvidMovieMaker" */ = {
			isa = XCConfigurationList;
			buildConfigurations = (
				CDD41E8715EDB1A6008B77A1 /* Debug */,
				CDD41E8815EDB1A6008B77A1 /* Release */,
			);
			defaultConfigurationIsVisible = 0;
			defaultConfigurationName = Release;
		};
/* End XCConfigurationList section */
	};
	rootObject = CDD41E7315EDB1A6008B77A1 /* Project object */;
}
