// !$*UTF8*$!
{
	archiveVersion = 1;
	classes = {
	};
	objectVersion = 46;
	objects = {

/* Begin PBXBuildFile section */
		CDAEB66415EDB6FB005A148B /* BufferedFileHandle.m in Sources */ = {isa = PBXBuildFile; fileRef = CDAEB65015EDB6FB005A148B /* BufferedFileHandle.m */; };
		CDAEB66515EDB6FB005A148B /* CGFrameBuffer.m in Sources */ = {isa = PBXBuildFile; fileRef = CDAEB65315EDB6FB005A148B /* CGFrameBuffer.m */; };
		CDAEB66615EDB6FB005A148B /* EasyArchive.m in Sources */ = {isa = PBXBuildFile; fileRef = CDAEB65515EDB6FB005A148B /* EasyArchive.m */; };
		CDAEB66715EDB6FB005A148B /* FlatMovieFile.m in Sources */ = {isa = PBXBuildFile; fileRef = CDAEB65715EDB6FB005A148B /* FlatMovieFile.m */; };
		CDAEB66815EDB6FB005A148B /* main.m in Sources */ = {isa = PBXBuildFile; fileRef = CDAEB65915EDB6FB005A148B /* main.m */; };
		CDAEB66915EDB6FB005A148B /* MakeFlatMovieMain.m in Sources */ = {isa = PBXBuildFile; fileRef = CDAEB65A15EDB6FB005A148B /* MakeFlatMovieMain.m */; };
		CDAEB66A15EDB6FB005A148B /* MovieArchive.m in Sources */ = {isa = PBXBuildFile; fileRef = CDAEB65C15EDB6FB005A148B /* MovieArchive.m */; };
		CDAEB66B15EDB6FB005A148B /* MovieFrame.m in Sources */ = {isa = PBXBuildFile; fileRef = CDAEB65E15EDB6FB005A148B /* MovieFrame.m */; };
		CDAEB66C15EDB6FB005A148B /* NSDataExtensions.m in Sources */ = {isa = PBXBuildFile; fileRef = CDAEB66015EDB6FB005A148B /* NSDataExtensions.m */; };
		CDAEB66D15EDB6FB005A148B /* NSDataFileHandle.m in Sources */ = {isa = PBXBuildFile; fileRef = CDAEB66215EDB6FB005A148B /* NSDataFileHandle.m */; };
/* End PBXBuildFile section */

/* Begin PBXCopyFilesBuildPhase section */
		CDD41E7A15EDB1A6008B77A1 /* CopyFiles */ = {
			isa = PBXCopyFilesBuildPhase;
			buildActionMask = 2147483647;
			dstPath = /usr/share/man/man1/;
			dstSubfolderSpec = 0;
			files = (
			);
			runOnlyForDeploymentPostprocessing = 1;
		};
/* End PBXCopyFilesBuildPhase section */

/* Begin PBXFileReference section */
		CDAEB64F15EDB6FB005A148B /* BufferedFileHandle.h */ = {isa = PBXFileReference; fileEncoding = 4; lastKnownFileType = sourcecode.c.h; path = BufferedFileHandle.h; sourceTree = SOURCE_ROOT; };
		CDAEB65015EDB6FB005A148B /* BufferedFileHandle.m */ = {isa = PBXFileReference; fileEncoding = 4; lastKnownFileType = sourcecode.c.objc; path = BufferedFileHandle.m; sourceTree = SOURCE_ROOT; };
		CDAEB65115EDB6FB005A148B /* bzlib.h */ = {isa = PBXFileReference; fileEncoding = 4; lastKnownFileType = sourcecode.c.h; path = bzlib.h; sourceTree = SOURCE_ROOT; };
		CDAEB65215EDB6FB005A148B /* CGFrameBuffer.h */ = {isa = PBXFileReference; fileEncoding = 4; lastKnownFileType = sourcecode.c.h; path = CGFrameBuffer.h; sourceTree = SOURCE_ROOT; };
		CDAEB65315EDB6FB005A148B /* CGFrameBuffer.m */ = {isa = PBXFileReference; fileEncoding = 4; lastKnownFileType = sourcecode.c.objc; path = CGFrameBuffer.m; sourceTree = SOURCE_ROOT; };
		CDAEB65415EDB6FB005A148B /* EasyArchive.h */ = {isa = PBXFileReference; fileEncoding = 4; lastKnownFileType = sourcecode.c.h; path = EasyArchive.h; sourceTree = SOURCE_ROOT; };
		CDAEB65515EDB6FB005A148B /* EasyArchive.m */ = {isa = PBXFileReference; fileEncoding = 4; lastKnownFileType = sourcecode.c.objc; path = EasyArchive.m; sourceTree = SOURCE_ROOT; };
		CDAEB65615EDB6FB005A148B /* FlatMovieFile.h */ = {isa = PBXFileReference; fileEncoding = 4; lastKnownFileType = sourcecode.c.h; path = FlatMovieFile.h; sourceTree = SOURCE_ROOT; };
		CDAEB65715EDB6FB005A148B /* FlatMovieFile.m */ = {isa = PBXFileReference; fileEncoding = 4; lastKnownFileType = sourcecode.c.objc; path = FlatMovieFile.m; sourceTree = SOURCE_ROOT; };
		CDAEB65815EDB6FB005A148B /* main.h */ = {isa = PBXFileReference; fileEncoding = 4; lastKnownFileType = sourcecode.c.h; path = main.h; sourceTree = SOURCE_ROOT; };
		CDAEB65915EDB6FB005A148B /* main.m */ = {isa = PBXFileReference; fileEncoding = 4; lastKnownFileType = sourcecode.c.objc; path = main.m; sourceTree = SOURCE_ROOT; };
		CDAEB65A15EDB6FB005A148B /* MakeFlatMovieMain.m */ = {isa = PBXFileReference; fileEncoding = 4; lastKnownFileType = sourcecode.c.objc; path = MakeFlatMovieMain.m; sourceTree = SOURCE_ROOT; };
		CDAEB65B15EDB6FB005A148B /* MovieArchive.h */ = {isa = PBXFileReference; fileEncoding = 4; lastKnownFileType = sourcecode.c.h; path = MovieArchive.h; sourceTree = SOURCE_ROOT; };
		CDAEB65C15EDB6FB005A148B /* MovieArchive.m */ = {isa = PBXFileReference; fileEncoding = 4; lastKnownFileType = sourcecode.c.objc; path = MovieArchive.m; sourceTree = SOURCE_ROOT; };
		CDAEB65D15EDB6FB005A148B /* MovieFrame.h */ = {isa = PBXFileReference; fileEncoding = 4; lastKnownFileType = sourcecode.c.h; path = MovieFrame.h; sourceTree = SOURCE_ROOT; };
		CDAEB65E15EDB6FB005A148B /* MovieFrame.m */ = {isa = PBXFileReference; fileEncoding = 4; lastKnownFileType = sourcecode.c.objc; path = MovieFrame.m; sourceTree = SOURCE_ROOT; };
		CDAEB65F15EDB6FB005A148B /* NSDataExtensions.h */ = {isa = PBXFileReference; fileEncoding = 4; lastKnownFileType = sourcecode.c.h; path = NSDataExtensions.h; sourceTree = SOURCE_ROOT; };
		CDAEB66015EDB6FB005A148B /* NSDataExtensions.m */ = {isa = PBXFileReference; fileEncoding = 4; lastKnownFileType = sourcecode.c.objc; path = NSDataExtensions.m; sourceTree = SOURCE_ROOT; };
		CDAEB66115EDB6FB005A148B /* NSDataFileHandle.h */ = {isa = PBXFileReference; fileEncoding = 4; lastKnownFileType = sourcecode.c.h; path = NSDataFileHandle.h; sourceTree = SOURCE_ROOT; };
		CDAEB66215EDB6FB005A148B /* NSDataFileHandle.m */ = {isa = PBXFileReference; fileEncoding = 4; lastKnownFileType = sourcecode.c.objc; path = NSDataFileHandle.m; sourceTree = SOURCE_ROOT; };
		CDAEB66315EDB6FB005A148B /* runlength.h */ = {isa = PBXFileReference; fileEncoding = 4; lastKnownFileType = sourcecode.c.h; path = runlength.h; sourceTree = SOURCE_ROOT; };
		CDD41E7C15EDB1A6008B77A1 /* mvidmoviemaker */ = {isa = PBXFileReference; explicitFileType = "compiled.mach-o.executable"; includeInIndex = 0; path = mvidmoviemaker; sourceTree = BUILT_PRODUCTS_DIR; };
/* End PBXFileReference section */

/* Begin PBXFrameworksBuildPhase section */
		CDD41E7915EDB1A6008B77A1 /* Frameworks */ = {
			isa = PBXFrameworksBuildPhase;
			buildActionMask = 2147483647;
			files = (
			);
			runOnlyForDeploymentPostprocessing = 0;
		};
/* End PBXFrameworksBuildPhase section */

/* Begin PBXGroup section */
		CDD41E7115EDB1A6008B77A1 = {
			isa = PBXGroup;
			children = (
				CDD41E7F15EDB1A6008B77A1 /* MvidMovieMaker */,
				CDD41E7D15EDB1A6008B77A1 /* Products */,
			);
			sourceTree = "<group>";
		};
		CDD41E7D15EDB1A6008B77A1 /* Products */ = {
			isa = PBXGroup;
			children = (
				CDD41E7C15EDB1A6008B77A1 /* mvidmoviemaker */,
			);
			name = Products;
			sourceTree = "<group>";
		};
		CDD41E7F15EDB1A6008B77A1 /* MvidMovieMaker */ = {
			isa = PBXGroup;
			children = (
				CDAEB64F15EDB6FB005A148B /* BufferedFileHandle.h */,
				CDAEB65015EDB6FB005A148B /* BufferedFileHandle.m */,
				CDAEB65115EDB6FB005A148B /* bzlib.h */,
				CDAEB65215EDB6FB005A148B /* CGFrameBuffer.h */,
				CDAEB65315EDB6FB005A148B /* CGFrameBuffer.m */,
				CDAEB65415EDB6FB005A148B /* EasyArchive.h */,
				CDAEB65515EDB6FB005A148B /* EasyArchive.m */,
				CDAEB65615EDB6FB005A148B /* FlatMovieFile.h */,
				CDAEB65715EDB6FB005A148B /* FlatMovieFile.m */,
				CDAEB65815EDB6FB005A148B /* main.h */,
				CDAEB65915EDB6FB005A148B /* main.m */,
				CDAEB65A15EDB6FB005A148B /* MakeFlatMovieMain.m */,
				CDAEB65B15EDB6FB005A148B /* MovieArchive.h */,
				CDAEB65C15EDB6FB005A148B /* MovieArchive.m */,
				CDAEB65D15EDB6FB005A148B /* MovieFrame.h */,
				CDAEB65E15EDB6FB005A148B /* MovieFrame.m */,
				CDAEB65F15EDB6FB005A148B /* NSDataExtensions.h */,
				CDAEB66015EDB6FB005A148B /* NSDataExtensions.m */,
				CDAEB66115EDB6FB005A148B /* NSDataFileHandle.h */,
				CDAEB66215EDB6FB005A148B /* NSDataFileHandle.m */,
				CDAEB66315EDB6FB005A148B /* runlength.h */,
			);
			path = MvidMovieMaker;
			sourceTree = "<group>";
		};
/* End PBXGroup section */

/* Begin PBXNativeTarget section */
		CDD41E7B15EDB1A6008B77A1 /* MvidMovieMaker */ = {
			isa = PBXNativeTarget;
			buildConfigurationList = CDD41E8615EDB1A6008B77A1 /* Build configuration list for PBXNativeTarget "MvidMovieMaker" */;
			buildPhases = (
				CDD41E7815EDB1A6008B77A1 /* Sources */,
				CDD41E7915EDB1A6008B77A1 /* Frameworks */,
				CDD41E7A15EDB1A6008B77A1 /* CopyFiles */,
			);
			buildRules = (
			);
			dependencies = (
			);
			name = MvidMovieMaker;
			productName = MvidMovieMaker;
			productReference = CDD41E7C15EDB1A6008B77A1 /* mvidmoviemaker */;
			productType = "com.apple.product-type.tool";
		};
/* End PBXNativeTarget section */

/* Begin PBXProject section */
		CDD41E7315EDB1A6008B77A1 /* Project object */ = {
			isa = PBXProject;
			attributes = {
				LastUpgradeCheck = 0430;
			};
			buildConfigurationList = CDD41E7615EDB1A6008B77A1 /* Build configuration list for PBXProject "MvidMovieMaker" */;
			compatibilityVersion = "Xcode 3.2";
			developmentRegion = English;
			hasScannedForEncodings = 0;
			knownRegions = (
				en,
			);
			mainGroup = CDD41E7115EDB1A6008B77A1;
			productRefGroup = CDD41E7D15EDB1A6008B77A1 /* Products */;
			projectDirPath = "";
			projectRoot = "";
			targets = (
				CDD41E7B15EDB1A6008B77A1 /* MvidMovieMaker */,
			);
		};
/* End PBXProject section */

/* Begin PBXSourcesBuildPhase section */
		CDD41E7815EDB1A6008B77A1 /* Sources */ = {
			isa = PBXSourcesBuildPhase;
			buildActionMask = 2147483647;
			files = (
				CDAEB66415EDB6FB005A148B /* BufferedFileHandle.m in Sources */,
				CDAEB66515EDB6FB005A148B /* CGFrameBuffer.m in Sources */,
				CDAEB66615EDB6FB005A148B /* EasyArchive.m in Sources */,
				CDAEB66715EDB6FB005A148B /* FlatMovieFile.m in Sources */,
				CDAEB66815EDB6FB005A148B /* main.m in Sources */,
				CDAEB66915EDB6FB005A148B /* MakeFlatMovieMain.m in Sources */,
				CDAEB66A15EDB6FB005A148B /* MovieArchive.m in Sources */,
				CDAEB66B15EDB6FB005A148B /* MovieFrame.m in Sources */,
				CDAEB66C15EDB6FB005A148B /* NSDataExtensions.m in Sources */,
				CDAEB66D15EDB6FB005A148B /* NSDataFileHandle.m in Sources */,
			);
			runOnlyForDeploymentPostprocessing = 0;
		};
/* End PBXSourcesBuildPhase section */

/* Begin XCBuildConfiguration section */
		CDD41E8415EDB1A6008B77A1 /* Debug */ = {
			isa = XCBuildConfiguration;
			buildSettings = {
				ALWAYS_SEARCH_USER_PATHS = NO;
				ARCHS = "$(ARCHS_STANDARD_64_BIT)";
				COPY_PHASE_STRIP = NO;
				GCC_C_LANGUAGE_STANDARD = gnu99;
				GCC_DYNAMIC_NO_PIC = NO;
				GCC_ENABLE_OBJC_EXCEPTIONS = YES;
				GCC_OPTIMIZATION_LEVEL = 0;
				GCC_PREPROCESSOR_DEFINITIONS = (
					"DEBUG=1",
					"$(inherited)",
				);
				GCC_SYMBOLS_PRIVATE_EXTERN = NO;
				GCC_VERSION = com.apple.compilers.llvm.clang.1_0;
				GCC_WARN_64_TO_32_BIT_CONVERSION = YES;
				GCC_WARN_ABOUT_RETURN_TYPE = YES;
				GCC_WARN_UNINITIALIZED_AUTOS = YES;
				GCC_WARN_UNUSED_VARIABLE = YES;
				MACOSX_DEPLOYMENT_TARGET = 10.7;
				ONLY_ACTIVE_ARCH = YES;
				SDKROOT = macosx;
			};
			name = Debug;
		};
		CDD41E8515EDB1A6008B77A1 /* Release */ = {
			isa = XCBuildConfiguration;
			buildSettings = {
				ALWAYS_SEARCH_USER_PATHS = NO;
				ARCHS = "$(ARCHS_STANDARD_64_BIT)";
				COPY_PHASE_STRIP = YES;
				DEBUG_INFORMATION_FORMAT = "dwarf-with-dsym";
				GCC_C_LANGUAGE_STANDARD = gnu99;
				GCC_ENABLE_OBJC_EXCEPTIONS = YES;
				GCC_VERSION = com.apple.compilers.llvm.clang.1_0;
				GCC_WARN_64_TO_32_BIT_CONVERSION = YES;
				GCC_WARN_ABOUT_RETURN_TYPE = YES;
				GCC_WARN_UNINITIALIZED_AUTOS = YES;
				GCC_WARN_UNUSED_VARIABLE = YES;
				MACOSX_DEPLOYMENT_TARGET = 10.7;
				SDKROOT = macosx;
			};
			name = Release;
		};
		CDD41E8715EDB1A6008B77A1 /* Debug */ = {
			isa = XCBuildConfiguration;
			buildSettings = {
				PRODUCT_NAME = mvidmoviemaker;
				VERSION_INFO_BUILDER = mvidmoviemaker;
			};
			name = Debug;
		};
		CDD41E8815EDB1A6008B77A1 /* Release */ = {
			isa = XCBuildConfiguration;
			buildSettings = {
				PRODUCT_NAME = mvidmoviemaker;
				VERSION_INFO_BUILDER = mvidmoviemaker;
			};
			name = Release;
		};
/* End XCBuildConfiguration section */

/* Begin XCConfigurationList section */
		CDD41E7615EDB1A6008B77A1 /* Build configuration list for PBXProject "MvidMovieMaker" */ = {
			isa = XCConfigurationList;
			buildConfigurations = (
				CDD41E8415EDB1A6008B77A1 /* Debug */,
				CDD41E8515EDB1A6008B77A1 /* Release */,
			);
			defaultConfigurationIsVisible = 0;
			defaultConfigurationName = Release;
		};
		CDD41E8615EDB1A6008B77A1 /* Build configuration list for PBXNativeTarget "MvidMovieMaker" */ = {
			isa = XCConfigurationList;
			buildConfigurations = (
				CDD41E8715EDB1A6008B77A1 /* Debug */,
				CDD41E8815EDB1A6008B77A1 /* Release */,
			);
			defaultConfigurationIsVisible = 0;
			defaultConfigurationName = Release;
		};
/* End XCConfigurationList section */
	};
	rootObject = CDD41E7315EDB1A6008B77A1 /* Project object */;
}
