<?xml version="1.0" encoding="UTF-8"?>
<Scheme
   version = "1.3">
   <BuildAction
      parallelizeBuildables = "YES"
      buildImplicitDependencies = "YES">
      <BuildActionEntries>
         <BuildActionEntry
            buildForTesting = "YES"
            buildForRunning = "YES"
            buildForProfiling = "YES"
            buildForArchiving = "YES"
            buildForAnalyzing = "YES">
            <BuildableReference
               BuildableIdentifier = "primary"
               BlueprintIdentifier = "CDD41E7B15EDB1A6008B77A1"
               BuildableName = "mvidmoviemaker"
               BlueprintName = "MvidMovieMaker"
               ReferencedContainer = "container:MvidMovieMaker.xcodeproj">
            </BuildableReference>
         </BuildActionEntry>
      </BuildActionEntries>
   </BuildAction>
   <TestAction
      selectedDebuggerIdentifier = "Xcode.DebuggerFoundation.Debugger.LLDB"
      selectedLauncherIdentifier = "Xcode.DebuggerFoundation.Launcher.LLDB"
      shouldUseLaunchSchemeArgsEnv = "YES"
      buildConfiguration = "Debug">
      <Testables>
      </Testables>
      <MacroExpansion>
         <BuildableReference
            BuildableIdentifier = "primary"
            BlueprintIdentifier = "CDD41E7B15EDB1A6008B77A1"
            BuildableName = "mvidmoviemaker"
            BlueprintName = "MvidMovieMaker"
            ReferencedContainer = "container:MvidMovieMaker.xcodeproj">
         </BuildableReference>
      </MacroExpansion>
   </TestAction>
   <LaunchAction
      selectedDebuggerIdentifier = "Xcode.DebuggerFoundation.Debugger.LLDB"
      selectedLauncherIdentifier = "Xcode.DebuggerFoundation.Launcher.LLDB"
      launchStyle = "0"
      useCustomWorkingDirectory = "YES"
      customWorkingDirectory = "/Users/mo/Development/QTAnimationiPhone/GeniusCircuit/MEDIA"
      buildConfiguration = "Release"
      ignoresPersistentStateOnLaunch = "NO"
      debugDocumentVersioning = "YES"
      allowLocationSimulation = "YES">
      <BuildableProductRunnable>
         <BuildableReference
            BuildableIdentifier = "primary"
            BlueprintIdentifier = "CDD41E7B15EDB1A6008B77A1"
            BuildableName = "mvidmoviemaker"
            BlueprintName = "MvidMovieMaker"
            ReferencedContainer = "container:MvidMovieMaker.xcodeproj">
         </BuildableReference>
      </BuildableProductRunnable>
      <CommandLineArguments>
         <CommandLineArgument
            argument = "Skeever_FRAMES/Skeever_0000.png"
            isEnabled = "YES">
         </CommandLineArgument>
         <CommandLineArgument
            argument = "Skeever.mvid"
            isEnabled = "YES">
         </CommandLineArgument>
         <CommandLineArgument
            argument = "-fps"
            isEnabled = "YES">
         </CommandLineArgument>
         <CommandLineArgument
            argument = "10"
            isEnabled = "YES">
         </CommandLineArgument>
      </CommandLineArguments>
      <AdditionalOptions>
      </AdditionalOptions>
   </LaunchAction>
   <ProfileAction
      shouldUseLaunchSchemeArgsEnv = "YES"
      savedToolIdentifier = ""
      useCustomWorkingDirectory = "NO"
      buildConfiguration = "Release"
      debugDocumentVersioning = "YES">
      <BuildableProductRunnable>
         <BuildableReference
            BuildableIdentifier = "primary"
            BlueprintIdentifier = "CDD41E7B15EDB1A6008B77A1"
            BuildableName = "mvidmoviemaker"
            BlueprintName = "MvidMovieMaker"
            ReferencedContainer = "container:MvidMovieMaker.xcodeproj">
         </BuildableReference>
      </BuildableProductRunnable>
   </ProfileAction>
   <AnalyzeAction
      buildConfiguration = "Debug">
   </AnalyzeAction>
   <ArchiveAction
      buildConfiguration = "Release"
      revealArchiveInOrganizer = "YES">
   </ArchiveAction>
</Scheme>
